
Microsoft Visual Studio Solution File, Format Version 12.00
# Visual Studio Version 16
VisualStudioVersion = 16.0.31515.178
MinimumVisualStudioVersion = 10.0.40219.1
Project("{9A19103F-16F7-4668-BE54-9A1E7A4F7556}") = "Net-Experience", "src\Presentation\Net-Experience.csproj", "{9F4551EF-DF6D-4504-9903-9B64F8B7EBD5}"
EndProject
Project("{2150E333-8FDC-42A3-9474-1A3956D46DE8}") = "Presentation", "Presentation", "{51834E6B-784D-4D5C-92BC-3FD959E29170}"
EndProject
Project("{2150E333-8FDC-42A3-9474-1A3956D46DE8}") = "Core", "Core", "{42E02F2E-A781-459A-AAFA-559C9BB82662}"
EndProject
Project("{2150E333-8FDC-42A3-9474-1A3956D46DE8}") = "Infrastructure", "Infrastructure", "{C53FBF7F-15A9-4C6A-B7CC-5DCCD72EB7B0}"
EndProject
Project("{9A19103F-16F7-4668-BE54-9A1E7A4F7556}") = "Net.Experience.Application", "src\Application\Net.Experience.Application.csproj", "{3B327FE0-C21E-4E55-A594-3AE41D07C890}"
EndProject
Project("{9A19103F-16F7-4668-BE54-9A1E7A4F7556}") = "Net.Experience.Domain", "src\Domain\Net.Experience.Domain.csproj", "{F32A5D6D-1340-4044-B108-80CF7F016B0A}"
EndProject
Project("{9A19103F-16F7-4668-BE54-9A1E7A4F7556}") = "Net.Experience.Persistance", "src\Persistance\Net.Experience.Persistance.csproj", "{D252E6FD-2075-470C-B836-A98E30AB8E9C}"
EndProject
Project("{9A19103F-16F7-4668-BE54-9A1E7A4F7556}") = "Net.Experience.Configuration", "src\Configuration\Net.Experience.Configuration.csproj", "{D836C9E0-3728-42A2-A427-64E8DF226EF8}"
EndProject
Project("{9A19103F-16F7-4668-BE54-9A1E7A4F7556}") = "Net.Experience.Common.Helpers", "src\Helpers\Net.Experience.Common.Helpers.csproj", "{D4DF4CEB-C1C4-463F-8535-664EE1CE96C1}"
EndProject
Project("{2150E333-8FDC-42A3-9474-1A3956D46DE8}") = "Tests", "Tests", "{BD7BB95C-0A29-4805-96F9-26E0BF1B0D47}"
EndProject
Project("{FAE04EC0-301F-11D3-BF4B-00C04F79EFBC}") = "Net.Experience.Test", "src\Test\Net.Experience.Test.csproj", "{0E8D72EB-45F6-413B-9143-9B96F6C3B9D9}"
EndProject
Global
	GlobalSection(SolutionConfigurationPlatforms) = preSolution
		Debug|Any CPU = Debug|Any CPU
		Release|Any CPU = Release|Any CPU
	EndGlobalSection
	GlobalSection(ProjectConfigurationPlatforms) = postSolution
		{9F4551EF-DF6D-4504-9903-9B64F8B7EBD5}.Debug|Any CPU.ActiveCfg = Debug|Any CPU
		{9F4551EF-DF6D-4504-9903-9B64F8B7EBD5}.Debug|Any CPU.Build.0 = Debug|Any CPU
		{9F4551EF-DF6D-4504-9903-9B64F8B7EBD5}.Release|Any CPU.ActiveCfg = Release|Any CPU
		{9F4551EF-DF6D-4504-9903-9B64F8B7EBD5}.Release|Any CPU.Build.0 = Release|Any CPU
		{3B327FE0-C21E-4E55-A594-3AE41D07C890}.Debug|Any CPU.ActiveCfg = Debug|Any CPU
		{3B327FE0-C21E-4E55-A594-3AE41D07C890}.Debug|Any CPU.Build.0 = Debug|Any CPU
		{3B327FE0-C21E-4E55-A594-3AE41D07C890}.Release|Any CPU.ActiveCfg = Release|Any CPU
		{3B327FE0-C21E-4E55-A594-3AE41D07C890}.Release|Any CPU.Build.0 = Release|Any CPU
		{F32A5D6D-1340-4044-B108-80CF7F016B0A}.Debug|Any CPU.ActiveCfg = Debug|Any CPU
		{F32A5D6D-1340-4044-B108-80CF7F016B0A}.Debug|Any CPU.Build.0 = Debug|Any CPU
		{F32A5D6D-1340-4044-B108-80CF7F016B0A}.Release|Any CPU.ActiveCfg = Release|Any CPU
		{F32A5D6D-1340-4044-B108-80CF7F016B0A}.Release|Any CPU.Build.0 = Release|Any CPU
		{D252E6FD-2075-470C-B836-A98E30AB8E9C}.Debug|Any CPU.ActiveCfg = Debug|Any CPU
		{D252E6FD-2075-470C-B836-A98E30AB8E9C}.Debug|Any CPU.Build.0 = Debug|Any CPU
		{D252E6FD-2075-470C-B836-A98E30AB8E9C}.Release|Any CPU.ActiveCfg = Release|Any CPU
		{D252E6FD-2075-470C-B836-A98E30AB8E9C}.Release|Any CPU.Build.0 = Release|Any CPU
		{D836C9E0-3728-42A2-A427-64E8DF226EF8}.Debug|Any CPU.ActiveCfg = Debug|Any CPU
		{D836C9E0-3728-42A2-A427-64E8DF226EF8}.Debug|Any CPU.Build.0 = Debug|Any CPU
		{D836C9E0-3728-42A2-A427-64E8DF226EF8}.Release|Any CPU.ActiveCfg = Release|Any CPU
		{D836C9E0-3728-42A2-A427-64E8DF226EF8}.Release|Any CPU.Build.0 = Release|Any CPU
		{D4DF4CEB-C1C4-463F-8535-664EE1CE96C1}.Debug|Any CPU.ActiveCfg = Debug|Any CPU
		{D4DF4CEB-C1C4-463F-8535-664EE1CE96C1}.Debug|Any CPU.Build.0 = Debug|Any CPU
		{D4DF4CEB-C1C4-463F-8535-664EE1CE96C1}.Release|Any CPU.ActiveCfg = Release|Any CPU
		{D4DF4CEB-C1C4-463F-8535-664EE1CE96C1}.Release|Any CPU.Build.0 = Release|Any CPU
		{0E8D72EB-45F6-413B-9143-9B96F6C3B9D9}.Debug|Any CPU.ActiveCfg = Debug|Any CPU
		{0E8D72EB-45F6-413B-9143-9B96F6C3B9D9}.Debug|Any CPU.Build.0 = Debug|Any CPU
		{0E8D72EB-45F6-413B-9143-9B96F6C3B9D9}.Release|Any CPU.ActiveCfg = Release|Any CPU
		{0E8D72EB-45F6-413B-9143-9B96F6C3B9D9}.Release|Any CPU.Build.0 = Release|Any CPU
	EndGlobalSection
	GlobalSection(SolutionProperties) = preSolution
		HideSolutionNode = FALSE
	EndGlobalSection
	GlobalSection(NestedProjects) = preSolution
		{9F4551EF-DF6D-4504-9903-9B64F8B7EBD5} = {51834E6B-784D-4D5C-92BC-3FD959E29170}
		{3B327FE0-C21E-4E55-A594-3AE41D07C890} = {42E02F2E-A781-459A-AAFA-559C9BB82662}
		{F32A5D6D-1340-4044-B108-80CF7F016B0A} = {42E02F2E-A781-459A-AAFA-559C9BB82662}
		{D252E6FD-2075-470C-B836-A98E30AB8E9C} = {C53FBF7F-15A9-4C6A-B7CC-5DCCD72EB7B0}
		{D836C9E0-3728-42A2-A427-64E8DF226EF8} = {C53FBF7F-15A9-4C6A-B7CC-5DCCD72EB7B0}
		{D4DF4CEB-C1C4-463F-8535-664EE1CE96C1} = {C53FBF7F-15A9-4C6A-B7CC-5DCCD72EB7B0}
		{0E8D72EB-45F6-413B-9143-9B96F6C3B9D9} = {BD7BB95C-0A29-4805-96F9-26E0BF1B0D47}
	EndGlobalSection
	GlobalSection(ExtensibilityGlobals) = postSolution
		SolutionGuid = {A092D667-4974-45F9-87DF-B022BF4F806A}
	EndGlobalSection
EndGlobal
